
Microsoft Visual Studio Solution File, Format Version 12.00
# Visual Studio 15
VisualStudioVersion = 15.0.27703.2026
MinimumVisualStudioVersion = 10.0.40219.1
Project("{FAE04EC0-301F-11D3-BF4B-00C04F79EFBC}") = "LicenceManager", "LicenceManager\LicenceManager.csproj", "{F7BBA6E8-EB21-4F61-882C-7EE7436ED272}"
EndProject
Project("{FAE04EC0-301F-11D3-BF4B-00C04F79EFBC}") = "ProjectClassLib", "..\..\..\..\OneDrive - Sycor GmbH\Projekte\ProjectClassLib\ProjectClassLib\ProjectClassLib.csproj", "{929ED699-938B-404D-90F9-628B742DD515}"
EndProject
Global
	GlobalSection(SolutionConfigurationPlatforms) = preSolution
		Debug|Any CPU = Debug|Any CPU
		Release|Any CPU = Release|Any CPU
	EndGlobalSection
	GlobalSection(ProjectConfigurationPlatforms) = postSolution
		{F7BBA6E8-EB21-4F61-882C-7EE7436ED272}.Debug|Any CPU.ActiveCfg = Debug|Any CPU
		{F7BBA6E8-EB21-4F61-882C-7EE7436ED272}.Debug|Any CPU.Build.0 = Debug|Any CPU
		{F7BBA6E8-EB21-4F61-882C-7EE7436ED272}.Release|Any CPU.ActiveCfg = Release|Any CPU
		{F7BBA6E8-EB21-4F61-882C-7EE7436ED272}.Release|Any CPU.Build.0 = Release|Any CPU
		{929ED699-938B-404D-90F9-628B742DD515}.Debug|Any CPU.ActiveCfg = Debug|Any CPU
		{929ED699-938B-404D-90F9-628B742DD515}.Debug|Any CPU.Build.0 = Debug|Any CPU
		{929ED699-938B-404D-90F9-628B742DD515}.Release|Any CPU.ActiveCfg = Release|Any CPU
		{929ED699-938B-404D-90F9-628B742DD515}.Release|Any CPU.Build.0 = Release|Any CPU
	EndGlobalSection
	GlobalSection(SolutionProperties) = preSolution
		HideSolutionNode = FALSE
	EndGlobalSection
	GlobalSection(ExtensibilityGlobals) = postSolution
		SolutionGuid = {DE584C9B-72F8-43A4-AA75-387EF8A54A50}
	EndGlobalSection
EndGlobal
